
Microsoft Visual Studio Solution File, Format Version 12.00
Project("{FAE04EC0-301F-11D3-BF4B-00C04F79EFBC}") = "DotAdr", "src\DotAdr\DotAdr.csproj", "{6C1D4E4F-F2A0-46ED-B3CC-F2DD8FC596B9}"
EndProject
Project("{FAE04EC0-301F-11D3-BF4B-00C04F79EFBC}") = "DotAdr.Tests", "test\DotAdr.Tests\DotAdr.Tests.csproj", "{F8623DE6-0D99-44D9-8A16-F7CCE7787019}"
EndProject
Global
	GlobalSection(SolutionConfigurationPlatforms) = preSolution
		Debug|Any CPU = Debug|Any CPU
		Release|Any CPU = Release|Any CPU
	EndGlobalSection
	GlobalSection(ProjectConfigurationPlatforms) = postSolution
		{6C1D4E4F-F2A0-46ED-B3CC-F2DD8FC596B9}.Debug|Any CPU.ActiveCfg = Debug|Any CPU
		{6C1D4E4F-F2A0-46ED-B3CC-F2DD8FC596B9}.Debug|Any CPU.Build.0 = Debug|Any CPU
		{6C1D4E4F-F2A0-46ED-B3CC-F2DD8FC596B9}.Release|Any CPU.ActiveCfg = Release|Any CPU
		{6C1D4E4F-F2A0-46ED-B3CC-F2DD8FC596B9}.Release|Any CPU.Build.0 = Release|Any CPU
		{F8623DE6-0D99-44D9-8A16-F7CCE7787019}.Debug|Any CPU.ActiveCfg = Debug|Any CPU
		{F8623DE6-0D99-44D9-8A16-F7CCE7787019}.Debug|Any CPU.Build.0 = Debug|Any CPU
		{F8623DE6-0D99-44D9-8A16-F7CCE7787019}.Release|Any CPU.ActiveCfg = Release|Any CPU
		{F8623DE6-0D99-44D9-8A16-F7CCE7787019}.Release|Any CPU.Build.0 = Release|Any CPU
	EndGlobalSection
EndGlobal
